
Microsoft Visual Studio Solution File, Format Version 12.00
# Visual Studio Version 17
VisualStudioVersion = 17.3.32929.385
MinimumVisualStudioVersion = 10.0.40219.1
Project("{9A19103F-16F7-4668-BE54-9A1E7A4F7556}") = "prog-buddy-api", "prog-buddy-api\prog-buddy-api.csproj", "{A0720D35-A519-4911-977B-58AA668FDD71}"
EndProject
Project("{FAE04EC0-301F-11D3-BF4B-00C04F79EFBC}") = "Data", "data\Data.csproj", "{99C02392-A6D7-4DAE-B01F-B79DC3188215}"
EndProject
Global
	GlobalSection(SolutionConfigurationPlatforms) = preSolution
		Debug|Any CPU = Debug|Any CPU
		Release|Any CPU = Release|Any CPU
	EndGlobalSection
	GlobalSection(ProjectConfigurationPlatforms) = postSolution
		{A0720D35-A519-4911-977B-58AA668FDD71}.Debug|Any CPU.ActiveCfg = Debug|Any CPU
		{A0720D35-A519-4911-977B-58AA668FDD71}.Debug|Any CPU.Build.0 = Debug|Any CPU
		{A0720D35-A519-4911-977B-58AA668FDD71}.Release|Any CPU.ActiveCfg = Release|Any CPU
		{A0720D35-A519-4911-977B-58AA668FDD71}.Release|Any CPU.Build.0 = Release|Any CPU
		{99C02392-A6D7-4DAE-B01F-B79DC3188215}.Debug|Any CPU.ActiveCfg = Debug|Any CPU
		{99C02392-A6D7-4DAE-B01F-B79DC3188215}.Debug|Any CPU.Build.0 = Debug|Any CPU
		{99C02392-A6D7-4DAE-B01F-B79DC3188215}.Release|Any CPU.ActiveCfg = Release|Any CPU
		{99C02392-A6D7-4DAE-B01F-B79DC3188215}.Release|Any CPU.Build.0 = Release|Any CPU
	EndGlobalSection
	GlobalSection(SolutionProperties) = preSolution
		HideSolutionNode = FALSE
	EndGlobalSection
	GlobalSection(ExtensibilityGlobals) = postSolution
		SolutionGuid = {1A379C08-010B-4349-A9F1-0C7F980858B0}
	EndGlobalSection
EndGlobal
